
Microsoft Visual Studio Solution File, Format Version 12.00
# Visual Studio 15
VisualStudioVersion = 15.0.28010.2016
MinimumVisualStudioVersion = 10.0.40219.1
Project("{FAE04EC0-301F-11D3-BF4B-00C04F79EFBC}") = "FavoritePokemon", "FavoritePokemon\FavoritePokemon.csproj", "{2EB7416A-29AF-4CB7-A2DA-CB71C29ABAEF}"
EndProject
Global
	GlobalSection(SolutionConfigurationPlatforms) = preSolution
		Debug|Any CPU = Debug|Any CPU
		Release|Any CPU = Release|Any CPU
	EndGlobalSection
	GlobalSection(ProjectConfigurationPlatforms) = postSolution
		{2EB7416A-29AF-4CB7-A2DA-CB71C29ABAEF}.Debug|Any CPU.ActiveCfg = Debug|Any CPU
		{2EB7416A-29AF-4CB7-A2DA-CB71C29ABAEF}.Debug|Any CPU.Build.0 = Debug|Any CPU
		{2EB7416A-29AF-4CB7-A2DA-CB71C29ABAEF}.Release|Any CPU.ActiveCfg = Release|Any CPU
		{2EB7416A-29AF-4CB7-A2DA-CB71C29ABAEF}.Release|Any CPU.Build.0 = Release|Any CPU
	EndGlobalSection
	GlobalSection(SolutionProperties) = preSolution
		HideSolutionNode = FALSE
	EndGlobalSection
	GlobalSection(ExtensibilityGlobals) = postSolution
		SolutionGuid = {D0D60E98-10EE-4702-84B9-38FD740F1BFA}
	EndGlobalSection
EndGlobal
